
Microsoft Visual Studio Solution File, Format Version 12.00
Project("{FAE04EC0-301F-11D3-BF4B-00C04F79EFBC}") = "Npv.Core", "src\Npv.Core\Npv.Core.csproj", "{C6981A42-B0C7-4CC7-9144-483BBD65372D}"
EndProject
Project("{FAE04EC0-301F-11D3-BF4B-00C04F79EFBC}") = "Npv.Services", "src\Npv.Services\Npv.Services.csproj", "{94D4AC6F-2DB9-4C60-A021-0BE1A3B0A917}"
EndProject
Project("{FAE04EC0-301F-11D3-BF4B-00C04F79EFBC}") = "Npv.WebApi", "src\Npv.WebApi\Npv.WebApi.csproj", "{0B4644F4-8A24-448F-B219-0FD4AB67A6A3}"
EndProject
Project("{FAE04EC0-301F-11D3-BF4B-00C04F79EFBC}") = "Npv.Tests.Unit", "src\Npv.Tests.Unit\Npv.Tests.Unit.csproj", "{92B5803C-64BA-4110-A8D6-1EEB3FDCD002}"
EndProject
Project("{FAE04EC0-301F-11D3-BF4B-00C04F79EFBC}") = "Npv.Contracts", "src\Npv.Contracts\Npv.Contracts.csproj", "{9ACD3715-A907-4096-BB61-6D18A2B4F04C}"
EndProject
Global
	GlobalSection(SolutionConfigurationPlatforms) = preSolution
		Debug|Any CPU = Debug|Any CPU
		Release|Any CPU = Release|Any CPU
	EndGlobalSection
	GlobalSection(ProjectConfigurationPlatforms) = postSolution
		{C6981A42-B0C7-4CC7-9144-483BBD65372D}.Debug|Any CPU.ActiveCfg = Debug|Any CPU
		{C6981A42-B0C7-4CC7-9144-483BBD65372D}.Debug|Any CPU.Build.0 = Debug|Any CPU
		{C6981A42-B0C7-4CC7-9144-483BBD65372D}.Release|Any CPU.ActiveCfg = Release|Any CPU
		{C6981A42-B0C7-4CC7-9144-483BBD65372D}.Release|Any CPU.Build.0 = Release|Any CPU
		{94D4AC6F-2DB9-4C60-A021-0BE1A3B0A917}.Debug|Any CPU.ActiveCfg = Debug|Any CPU
		{94D4AC6F-2DB9-4C60-A021-0BE1A3B0A917}.Debug|Any CPU.Build.0 = Debug|Any CPU
		{94D4AC6F-2DB9-4C60-A021-0BE1A3B0A917}.Release|Any CPU.ActiveCfg = Release|Any CPU
		{94D4AC6F-2DB9-4C60-A021-0BE1A3B0A917}.Release|Any CPU.Build.0 = Release|Any CPU
		{0B4644F4-8A24-448F-B219-0FD4AB67A6A3}.Debug|Any CPU.ActiveCfg = Debug|Any CPU
		{0B4644F4-8A24-448F-B219-0FD4AB67A6A3}.Debug|Any CPU.Build.0 = Debug|Any CPU
		{0B4644F4-8A24-448F-B219-0FD4AB67A6A3}.Release|Any CPU.ActiveCfg = Release|Any CPU
		{0B4644F4-8A24-448F-B219-0FD4AB67A6A3}.Release|Any CPU.Build.0 = Release|Any CPU
		{92B5803C-64BA-4110-A8D6-1EEB3FDCD002}.Debug|Any CPU.ActiveCfg = Debug|Any CPU
		{92B5803C-64BA-4110-A8D6-1EEB3FDCD002}.Debug|Any CPU.Build.0 = Debug|Any CPU
		{92B5803C-64BA-4110-A8D6-1EEB3FDCD002}.Release|Any CPU.ActiveCfg = Release|Any CPU
		{92B5803C-64BA-4110-A8D6-1EEB3FDCD002}.Release|Any CPU.Build.0 = Release|Any CPU
		{9ACD3715-A907-4096-BB61-6D18A2B4F04C}.Debug|Any CPU.ActiveCfg = Debug|Any CPU
		{9ACD3715-A907-4096-BB61-6D18A2B4F04C}.Debug|Any CPU.Build.0 = Debug|Any CPU
		{9ACD3715-A907-4096-BB61-6D18A2B4F04C}.Release|Any CPU.ActiveCfg = Release|Any CPU
		{9ACD3715-A907-4096-BB61-6D18A2B4F04C}.Release|Any CPU.Build.0 = Release|Any CPU
	EndGlobalSection
EndGlobal
